
Microsoft Visual Studio Solution File, Format Version 12.00
# Visual Studio Version 17
VisualStudioVersion = 17.13.35806.99 d17.13
MinimumVisualStudioVersion = 10.0.40219.1
Project("{FAE04EC0-301F-11D3-BF4B-00C04F79EFBC}") = "RockPapers", "RockPapers.csproj", "{61B69E23-19B5-420C-83F8-CF37521B5F65}"
EndProject
Global
	GlobalSection(SolutionConfigurationPlatforms) = preSolution
		Debug|Any CPU = Debug|Any CPU
		Release|Any CPU = Release|Any CPU
	EndGlobalSection
	GlobalSection(ProjectConfigurationPlatforms) = postSolution
		{61B69E23-19B5-420C-83F8-CF37521B5F65}.Debug|Any CPU.ActiveCfg = Debug|Any CPU
		{61B69E23-19B5-420C-83F8-CF37521B5F65}.Debug|Any CPU.Build.0 = Debug|Any CPU
		{61B69E23-19B5-420C-83F8-CF37521B5F65}.Release|Any CPU.ActiveCfg = Release|Any CPU
		{61B69E23-19B5-420C-83F8-CF37521B5F65}.Release|Any CPU.Build.0 = Release|Any CPU
	EndGlobalSection
	GlobalSection(SolutionProperties) = preSolution
		HideSolutionNode = FALSE
	EndGlobalSection
	GlobalSection(ExtensibilityGlobals) = postSolution
		SolutionGuid = {790E4470-347F-40EF-B3D6-17FE77ED8CC3}
	EndGlobalSection
EndGlobal
